PODS:
  - DSJSONSchemaValidation (2.0.5)
  - ios-dpp (0.0.1):
    - DSJSONSchemaValidation (= 2.0.5)
    - TinyCborObjc (= 0.3.0)
  - tinycbor (0.5.3-alpha2)
  - TinyCborObjc (0.3.0):
    - tinycbor (= 0.5.3-alpha2)

DEPENDENCIES:
  - ios-dpp (from `../`)

SPEC REPOS:
  https://github.com/cocoapods/specs.git:
    - DSJSONSchemaValidation
    - tinycbor
    - TinyCborObjc

EXTERNAL SOURCES:
  ios-dpp:
    :path: "../"

SPEC CHECKSUMS:
  DSJSONSchemaValidation: a0d791d3c8a4801cb3c72f3c8701342e2cb66f58
  ios-dpp: 30e184871e80580d2ead3055ab50ab7ecfd3e398
  tinycbor: d2990189c8db918fbdb2936708642aeb55334dd5
  TinyCborObjc: b514d3e288b5d26c3c65c568ec97e375a6840a98

PODFILE CHECKSUM: 073dd568b0c49fcf58a7cd0d57966c5fc437b1c7

COCOAPODS: 1.6.1
