PODS:
  - ios-dpp (0.0.1):
    - TinyCborObjc (= 0.4.0)
  - tinycbor (0.5.3-alpha3)
  - TinyCborObjc (0.4.0):
    - tinycbor (= 0.5.3-alpha3)

DEPENDENCIES:
  - ios-dpp (from `../`)

SPEC REPOS:
  https://github.com/cocoapods/specs.git:
    - tinycbor
    - TinyCborObjc

EXTERNAL SOURCES:
  ios-dpp:
    :path: "../"

SPEC CHECKSUMS:
  ios-dpp: 7e674f8dbf44fa6f4b8f0771d6c55f637616ca7a
  tinycbor: f3596b9acc8493b19c9e0cc2d0417d9c7aa58daa
  TinyCborObjc: 36e3ce1b66042017f91bafef403353254235a35f

PODFILE CHECKSUM: 073dd568b0c49fcf58a7cd0d57966c5fc437b1c7

COCOAPODS: 1.6.1
