// !$*UTF8*$!
{
	archiveVersion = 1;
	classes = {
	};
	objectVersion = 46;
	objects = {

/* Begin PBXBuildFile section */
		0303206795782B5DEE459D0A /* Pods_dash_schema_ios_Tests.framework in Frameworks */ = {isa = PBXBuildFile; fileRef = 36A54B463D7CE05580C4895C /* Pods_dash_schema_ios_Tests.framework */; };
		2A03A86E21428D6B00788BE3 /* DSSubTxTests.m in Sources */ = {isa = PBXBuildFile; fileRef = 2A03A86D21428D6A00788BE3 /* DSSubTxTests.m */; };
		2A6AABFE21412BB600D1E018 /* DSSchemaStorageTests.m in Sources */ = {isa = PBXBuildFile; fileRef = 2A6AABFD21412BB600D1E018 /* DSSchemaStorageTests.m */; };
		2A6B3474214C47E600094AFD /* DSSTPacketTests.m in Sources */ = {isa = PBXBuildFile; fileRef = 2A6B3472214C478F00094AFD /* DSSTPacketTests.m */; };
		2A6B3477214C4D1800094AFD /* somedap.json in Resources */ = {isa = PBXBuildFile; fileRef = 2A6B3475214C4D1700094AFD /* somedap.json */; };
		2A6B3478214C4D1800094AFD /* stpacket-test-data.json in Resources */ = {isa = PBXBuildFile; fileRef = 2A6B3476214C4D1800094AFD /* stpacket-test-data.json */; };
		2A73B337214678B900DF62A9 /* DSBaseTest.m in Sources */ = {isa = PBXBuildFile; fileRef = 2A73B3352146787500DF62A9 /* DSBaseTest.m */; };
		2A73B338214679FD00DF62A9 /* contactsdap-test-data.json in Resources */ = {isa = PBXBuildFile; fileRef = 2A03A8712142A14800788BE3 /* contactsdap-test-data.json */; };
		2A73B377214BCDF900DF62A9 /* valid_subtx.json in Resources */ = {isa = PBXBuildFile; fileRef = 2A73B375214BCBA800DF62A9 /* valid_subtx.json */; };
		2A8551AF21556043006054B2 /* DSDapSchemaTest.m in Sources */ = {isa = PBXBuildFile; fileRef = 2A8551AE21556043006054B2 /* DSDapSchemaTest.m */; };
		2AD755BD21523B9D00D97E78 /* DSSchemaObjectTests.m in Sources */ = {isa = PBXBuildFile; fileRef = 2AD755BC21523B9D00D97E78 /* DSSchemaObjectTests.m */; };
		2AD755BF21524B9400D97E78 /* DSJsonSchemaTests.m in Sources */ = {isa = PBXBuildFile; fileRef = 2AD755BE21524B9400D97E78 /* DSJsonSchemaTests.m */; };
		2AD755C621524D4D00D97E78 /* jsonschema-test-data.json in Resources */ = {isa = PBXBuildFile; fileRef = 2AD755C021524D4800D97E78 /* jsonschema-test-data.json */; };
		2AD755C721524D4D00D97E78 /* simplified-dap-schema.json in Resources */ = {isa = PBXBuildFile; fileRef = 2AD755C221524D4800D97E78 /* simplified-dap-schema.json */; };
		2AD755C821524D4D00D97E78 /* simplified-system-schema.json in Resources */ = {isa = PBXBuildFile; fileRef = 2AD755C121524D4800D97E78 /* simplified-system-schema.json */; };
		2AD755CE2152B9A800D97E78 /* DSSchemaFeesTests.m in Sources */ = {isa = PBXBuildFile; fileRef = 2AD755CD2152B9A800D97E78 /* DSSchemaFeesTests.m */; };
		2AD755D02152BE3000D97E78 /* DSDapContractTest.m in Sources */ = {isa = PBXBuildFile; fileRef = 2AD755CF2152BE3000D97E78 /* DSDapContractTest.m */; };
		2AD755D22152BE5300D97E78 /* dapcontract.json in Resources */ = {isa = PBXBuildFile; fileRef = 2AD755D12152BE5300D97E78 /* dapcontract.json */; };
		2AE5E66A2137FF4D007BFCB8 /* DSSchemaLoaderTests.m in Sources */ = {isa = PBXBuildFile; fileRef = 2AE5E6692137FF4D007BFCB8 /* DSSchemaLoaderTests.m */; };
		6003F58E195388D20070C39A /* Foundation.framework in Frameworks */ = {isa = PBXBuildFile; fileRef = 6003F58D195388D20070C39A /* Foundation.framework */; };
		6003F590195388D20070C39A /* CoreGraphics.framework in Frameworks */ = {isa = PBXBuildFile; fileRef = 6003F58F195388D20070C39A /* CoreGraphics.framework */; };
		6003F592195388D20070C39A /* UIKit.framework in Frameworks */ = {isa = PBXBuildFile; fileRef = 6003F591195388D20070C39A /* UIKit.framework */; };
		6003F598195388D20070C39A /* InfoPlist.strings in Resources */ = {isa = PBXBuildFile; fileRef = 6003F596195388D20070C39A /* InfoPlist.strings */; };
		6003F59A195388D20070C39A /* main.m in Sources */ = {isa = PBXBuildFile; fileRef = 6003F599195388D20070C39A /* main.m */; };
		6003F59E195388D20070C39A /* DSAppDelegate.m in Sources */ = {isa = PBXBuildFile; fileRef = 6003F59D195388D20070C39A /* DSAppDelegate.m */; };
		6003F5A7195388D20070C39A /* DSViewController.m in Sources */ = {isa = PBXBuildFile; fileRef = 6003F5A6195388D20070C39A /* DSViewController.m */; };
		6003F5A9195388D20070C39A /* Images.xcassets in Resources */ = {isa = PBXBuildFile; fileRef = 6003F5A8195388D20070C39A /* Images.xcassets */; };
		6003F5B0195388D20070C39A /* XCTest.framework in Frameworks */ = {isa = PBXBuildFile; fileRef = 6003F5AF195388D20070C39A /* XCTest.framework */; };
		6003F5B1195388D20070C39A /* Foundation.framework in Frameworks */ = {isa = PBXBuildFile; fileRef = 6003F58D195388D20070C39A /* Foundation.framework */; };
		6003F5B2195388D20070C39A /* UIKit.framework in Frameworks */ = {isa = PBXBuildFile; fileRef = 6003F591195388D20070C39A /* UIKit.framework */; };
		6003F5BA195388D20070C39A /* InfoPlist.strings in Resources */ = {isa = PBXBuildFile; fileRef = 6003F5B8195388D20070C39A /* InfoPlist.strings */; };
		71719F9F1E33DC2100824A3D /* LaunchScreen.storyboard in Resources */ = {isa = PBXBuildFile; fileRef = 71719F9D1E33DC2100824A3D /* LaunchScreen.storyboard */; };
		873B8AEB1B1F5CCA007FD442 /* Main.storyboard in Resources */ = {isa = PBXBuildFile; fileRef = 873B8AEA1B1F5CCA007FD442 /* Main.storyboard */; };
		EF3FB3A66B35105E09593F08 /* Pods_dash_schema_ios_Example.framework in Frameworks */ = {isa = PBXBuildFile; fileRef = 83792067E0F983609EA0B5EA /* Pods_dash_schema_ios_Example.framework */; };
/* End PBXBuildFile section */

/* Begin PBXContainerItemProxy section */
		6003F5B3195388D20070C39A /* PBXContainerItemProxy */ = {
			isa = PBXContainerItemProxy;
			containerPortal = 6003F582195388D10070C39A /* Project object */;
			proxyType = 1;
			remoteGlobalIDString = 6003F589195388D20070C39A;
			remoteInfo = "dash-schema-ios";
		};
/* End PBXContainerItemProxy section */

/* Begin PBXFileReference section */
		0560A52C5E8585B8712893DC /* LICENSE */ = {isa = PBXFileReference; includeInIndex = 1; lastKnownFileType = text; name = LICENSE; path = ../LICENSE; sourceTree = "<group>"; };
		2A03A86D21428D6A00788BE3 /* DSSubTxTests.m */ = {isa = PBXFileReference; lastKnownFileType = sourcecode.c.objc; path = DSSubTxTests.m; sourceTree = "<group>"; };
		2A03A8712142A14800788BE3 /* contactsdap-test-data.json */ = {isa = PBXFileReference; fileEncoding = 4; lastKnownFileType = text.json; path = "contactsdap-test-data.json"; sourceTree = "<group>"; };
		2A6AABFD21412BB600D1E018 /* DSSchemaStorageTests.m */ = {isa = PBXFileReference; lastKnownFileType = sourcecode.c.objc; path = DSSchemaStorageTests.m; sourceTree = "<group>"; };
		2A6B3472214C478F00094AFD /* DSSTPacketTests.m */ = {isa = PBXFileReference; lastKnownFileType = sourcecode.c.objc; path = DSSTPacketTests.m; sourceTree = "<group>"; };
		2A6B3475214C4D1700094AFD /* somedap.json */ = {isa = PBXFileReference; fileEncoding = 4; lastKnownFileType = text.json; path = somedap.json; sourceTree = "<group>"; };
		2A6B3476214C4D1800094AFD /* stpacket-test-data.json */ = {isa = PBXFileReference; fileEncoding = 4; lastKnownFileType = text.json; path = "stpacket-test-data.json"; sourceTree = "<group>"; };
		2A73B3342146787500DF62A9 /* DSBaseTest.h */ = {isa = PBXFileReference; lastKnownFileType = sourcecode.c.h; path = DSBaseTest.h; sourceTree = "<group>"; };
		2A73B3352146787500DF62A9 /* DSBaseTest.m */ = {isa = PBXFileReference; lastKnownFileType = sourcecode.c.objc; path = DSBaseTest.m; sourceTree = "<group>"; };
		2A73B375214BCBA800DF62A9 /* valid_subtx.json */ = {isa = PBXFileReference; fileEncoding = 4; lastKnownFileType = text.json; path = valid_subtx.json; sourceTree = "<group>"; };
		2A8551AE21556043006054B2 /* DSDapSchemaTest.m */ = {isa = PBXFileReference; lastKnownFileType = sourcecode.c.objc; path = DSDapSchemaTest.m; sourceTree = "<group>"; };
		2AD755BC21523B9D00D97E78 /* DSSchemaObjectTests.m */ = {isa = PBXFileReference; lastKnownFileType = sourcecode.c.objc; path = DSSchemaObjectTests.m; sourceTree = "<group>"; };
		2AD755BE21524B9400D97E78 /* DSJsonSchemaTests.m */ = {isa = PBXFileReference; lastKnownFileType = sourcecode.c.objc; path = DSJsonSchemaTests.m; sourceTree = "<group>"; };
		2AD755C021524D4800D97E78 /* jsonschema-test-data.json */ = {isa = PBXFileReference; fileEncoding = 4; lastKnownFileType = text.json; path = "jsonschema-test-data.json"; sourceTree = "<group>"; };
		2AD755C121524D4800D97E78 /* simplified-system-schema.json */ = {isa = PBXFileReference; fileEncoding = 4; lastKnownFileType = text.json; path = "simplified-system-schema.json"; sourceTree = "<group>"; };
		2AD755C221524D4800D97E78 /* simplified-dap-schema.json */ = {isa = PBXFileReference; fileEncoding = 4; lastKnownFileType = text.json; path = "simplified-dap-schema.json"; sourceTree = "<group>"; };
		2AD755CD2152B9A800D97E78 /* DSSchemaFeesTests.m */ = {isa = PBXFileReference; lastKnownFileType = sourcecode.c.objc; path = DSSchemaFeesTests.m; sourceTree = "<group>"; };
		2AD755CF2152BE3000D97E78 /* DSDapContractTest.m */ = {isa = PBXFileReference; lastKnownFileType = sourcecode.c.objc; path = DSDapContractTest.m; sourceTree = "<group>"; };
		2AD755D12152BE5300D97E78 /* dapcontract.json */ = {isa = PBXFileReference; fileEncoding = 4; lastKnownFileType = text.json; path = dapcontract.json; sourceTree = "<group>"; };
		2AE5E6692137FF4D007BFCB8 /* DSSchemaLoaderTests.m */ = {isa = PBXFileReference; lastKnownFileType = sourcecode.c.objc; path = DSSchemaLoaderTests.m; sourceTree = "<group>"; };
		36A54B463D7CE05580C4895C /* Pods_dash_schema_ios_Tests.framework */ = {isa = PBXFileReference; explicitFileType = wrapper.framework; includeInIndex = 0; path = Pods_dash_schema_ios_Tests.framework; sourceTree = BUILT_PRODUCTS_DIR; };
		6003F58A195388D20070C39A /* dash-schema-ios_Example.app */ = {isa = PBXFileReference; explicitFileType = wrapper.application; includeInIndex = 0; path = "dash-schema-ios_Example.app"; sourceTree = BUILT_PRODUCTS_DIR; };
		6003F58D195388D20070C39A /* Foundation.framework */ = {isa = PBXFileReference; lastKnownFileType = wrapper.framework; name = Foundation.framework; path = System/Library/Frameworks/Foundation.framework; sourceTree = SDKROOT; };
		6003F58F195388D20070C39A /* CoreGraphics.framework */ = {isa = PBXFileReference; lastKnownFileType = wrapper.framework; name = CoreGraphics.framework; path = System/Library/Frameworks/CoreGraphics.framework; sourceTree = SDKROOT; };
		6003F591195388D20070C39A /* UIKit.framework */ = {isa = PBXFileReference; lastKnownFileType = wrapper.framework; name = UIKit.framework; path = System/Library/Frameworks/UIKit.framework; sourceTree = SDKROOT; };
		6003F595195388D20070C39A /* dash-schema-ios-Info.plist */ = {isa = PBXFileReference; lastKnownFileType = text.plist.xml; path = "dash-schema-ios-Info.plist"; sourceTree = "<group>"; };
		6003F597195388D20070C39A /* en */ = {isa = PBXFileReference; lastKnownFileType = text.plist.strings; name = en; path = en.lproj/InfoPlist.strings; sourceTree = "<group>"; };
		6003F599195388D20070C39A /* main.m */ = {isa = PBXFileReference; lastKnownFileType = sourcecode.c.objc; path = main.m; sourceTree = "<group>"; };
		6003F59B195388D20070C39A /* dash-schema-ios-Prefix.pch */ = {isa = PBXFileReference; lastKnownFileType = sourcecode.c.h; path = "dash-schema-ios-Prefix.pch"; sourceTree = "<group>"; };
		6003F59C195388D20070C39A /* DSAppDelegate.h */ = {isa = PBXFileReference; lastKnownFileType = sourcecode.c.h; path = DSAppDelegate.h; sourceTree = "<group>"; };
		6003F59D195388D20070C39A /* DSAppDelegate.m */ = {isa = PBXFileReference; lastKnownFileType = sourcecode.c.objc; path = DSAppDelegate.m; sourceTree = "<group>"; };
		6003F5A5195388D20070C39A /* DSViewController.h */ = {isa = PBXFileReference; lastKnownFileType = sourcecode.c.h; path = DSViewController.h; sourceTree = "<group>"; };
		6003F5A6195388D20070C39A /* DSViewController.m */ = {isa = PBXFileReference; lastKnownFileType = sourcecode.c.objc; path = DSViewController.m; sourceTree = "<group>"; };
		6003F5A8195388D20070C39A /* Images.xcassets */ = {isa = PBXFileReference; lastKnownFileType = folder.assetcatalog; path = Images.xcassets; sourceTree = "<group>"; };
		6003F5AE195388D20070C39A /* dash-schema-ios_Tests.xctest */ = {isa = PBXFileReference; explicitFileType = wrapper.cfbundle; includeInIndex = 0; path = "dash-schema-ios_Tests.xctest"; sourceTree = BUILT_PRODUCTS_DIR; };
		6003F5AF195388D20070C39A /* XCTest.framework */ = {isa = PBXFileReference; lastKnownFileType = wrapper.framework; name = XCTest.framework; path = Library/Frameworks/XCTest.framework; sourceTree = DEVELOPER_DIR; };
		6003F5B7195388D20070C39A /* Tests-Info.plist */ = {isa = PBXFileReference; lastKnownFileType = text.plist.xml; path = "Tests-Info.plist"; sourceTree = "<group>"; };
		6003F5B9195388D20070C39A /* en */ = {isa = PBXFileReference; lastKnownFileType = text.plist.strings; name = en; path = en.lproj/InfoPlist.strings; sourceTree = "<group>"; };
		606FC2411953D9B200FFA9A0 /* Tests-Prefix.pch */ = {isa = PBXFileReference; lastKnownFileType = sourcecode.c.h; path = "Tests-Prefix.pch"; sourceTree = "<group>"; };
		6690CCA6BCC5C266AB4615CB /* Pods-dash-schema-ios_Tests.release.xcconfig */ = {isa = PBXFileReference; includeInIndex = 1; lastKnownFileType = text.xcconfig; name = "Pods-dash-schema-ios_Tests.release.xcconfig"; path = "Pods/Target Support Files/Pods-dash-schema-ios_Tests/Pods-dash-schema-ios_Tests.release.xcconfig"; sourceTree = "<group>"; };
		71719F9E1E33DC2100824A3D /* Base */ = {isa = PBXFileReference; lastKnownFileType = file.storyboard; name = Base; path = Base.lproj/LaunchScreen.storyboard; sourceTree = "<group>"; };
		7D5F298B1582BE566D3A8968 /* dash-schema-ios.podspec */ = {isa = PBXFileReference; includeInIndex = 1; lastKnownFileType = text; name = "dash-schema-ios.podspec"; path = "../dash-schema-ios.podspec"; sourceTree = "<group>"; xcLanguageSpecificationIdentifier = xcode.lang.ruby; };
		83792067E0F983609EA0B5EA /* Pods_dash_schema_ios_Example.framework */ = {isa = PBXFileReference; explicitFileType = wrapper.framework; includeInIndex = 0; path = Pods_dash_schema_ios_Example.framework; sourceTree = BUILT_PRODUCTS_DIR; };
		83F4BBE741E712AB3765A769 /* Pods-dash-schema-ios_Example.release.xcconfig */ = {isa = PBXFileReference; includeInIndex = 1; lastKnownFileType = text.xcconfig; name = "Pods-dash-schema-ios_Example.release.xcconfig"; path = "Pods/Target Support Files/Pods-dash-schema-ios_Example/Pods-dash-schema-ios_Example.release.xcconfig"; sourceTree = "<group>"; };
		873B8AEA1B1F5CCA007FD442 /* Main.storyboard */ = {isa = PBXFileReference; fileEncoding = 4; lastKnownFileType = file.storyboard; name = Main.storyboard; path = Base.lproj/Main.storyboard; sourceTree = "<group>"; };
		9BF4A2972DF301AD87B65A80 /* Pods-dash-schema-ios_Tests.debug.xcconfig */ = {isa = PBXFileReference; includeInIndex = 1; lastKnownFileType = text.xcconfig; name = "Pods-dash-schema-ios_Tests.debug.xcconfig"; path = "Pods/Target Support Files/Pods-dash-schema-ios_Tests/Pods-dash-schema-ios_Tests.debug.xcconfig"; sourceTree = "<group>"; };
		EB3686EC0490FF723B8690AE /* README.md */ = {isa = PBXFileReference; includeInIndex = 1; lastKnownFileType = net.daringfireball.markdown; name = README.md; path = ../README.md; sourceTree = "<group>"; };
		ED1040A2951B17D29ADF7AA8 /* Pods-dash-schema-ios_Example.debug.xcconfig */ = {isa = PBXFileReference; includeInIndex = 1; lastKnownFileType = text.xcconfig; name = "Pods-dash-schema-ios_Example.debug.xcconfig"; path = "Pods/Target Support Files/Pods-dash-schema-ios_Example/Pods-dash-schema-ios_Example.debug.xcconfig"; sourceTree = "<group>"; };
/* End PBXFileReference section */

/* Begin PBXFrameworksBuildPhase section */
		6003F587195388D20070C39A /* Frameworks */ = {
			isa = PBXFrameworksBuildPhase;
			buildActionMask = 2147483647;
			files = (
				6003F590195388D20070C39A /* CoreGraphics.framework in Frameworks */,
				6003F592195388D20070C39A /* UIKit.framework in Frameworks */,
				6003F58E195388D20070C39A /* Foundation.framework in Frameworks */,
				EF3FB3A66B35105E09593F08 /* Pods_dash_schema_ios_Example.framework in Frameworks */,
			);
			runOnlyForDeploymentPostprocessing = 0;
		};
		6003F5AB195388D20070C39A /* Frameworks */ = {
			isa = PBXFrameworksBuildPhase;
			buildActionMask = 2147483647;
			files = (
				6003F5B0195388D20070C39A /* XCTest.framework in Frameworks */,
				6003F5B2195388D20070C39A /* UIKit.framework in Frameworks */,
				6003F5B1195388D20070C39A /* Foundation.framework in Frameworks */,
				0303206795782B5DEE459D0A /* Pods_dash_schema_ios_Tests.framework in Frameworks */,
			);
			runOnlyForDeploymentPostprocessing = 0;
		};
/* End PBXFrameworksBuildPhase section */

/* Begin PBXGroup section */
		2A03A8702142A14800788BE3 /* Resources */ = {
			isa = PBXGroup;
			children = (
				2AD755D12152BE5300D97E78 /* dapcontract.json */,
				2AD755C021524D4800D97E78 /* jsonschema-test-data.json */,
				2AD755C221524D4800D97E78 /* simplified-dap-schema.json */,
				2AD755C121524D4800D97E78 /* simplified-system-schema.json */,
				2A6B3475214C4D1700094AFD /* somedap.json */,
				2A6B3476214C4D1800094AFD /* stpacket-test-data.json */,
				2A73B375214BCBA800DF62A9 /* valid_subtx.json */,
				2A03A8712142A14800788BE3 /* contactsdap-test-data.json */,
			);
			path = Resources;
			sourceTree = "<group>";
		};
		6003F581195388D10070C39A = {
			isa = PBXGroup;
			children = (
				60FF7A9C1954A5C5007DD14C /* Podspec Metadata */,
				6003F593195388D20070C39A /* Example for dash-schema-ios */,
				6003F5B5195388D20070C39A /* Tests */,
				6003F58C195388D20070C39A /* Frameworks */,
				6003F58B195388D20070C39A /* Products */,
				DD2C79FB6D23E8A5A31976BD /* Pods */,
			);
			sourceTree = "<group>";
		};
		6003F58B195388D20070C39A /* Products */ = {
			isa = PBXGroup;
			children = (
				6003F58A195388D20070C39A /* dash-schema-ios_Example.app */,
				6003F5AE195388D20070C39A /* dash-schema-ios_Tests.xctest */,
			);
			name = Products;
			sourceTree = "<group>";
		};
		6003F58C195388D20070C39A /* Frameworks */ = {
			isa = PBXGroup;
			children = (
				6003F58D195388D20070C39A /* Foundation.framework */,
				6003F58F195388D20070C39A /* CoreGraphics.framework */,
				6003F591195388D20070C39A /* UIKit.framework */,
				6003F5AF195388D20070C39A /* XCTest.framework */,
				83792067E0F983609EA0B5EA /* Pods_dash_schema_ios_Example.framework */,
				36A54B463D7CE05580C4895C /* Pods_dash_schema_ios_Tests.framework */,
			);
			name = Frameworks;
			sourceTree = "<group>";
		};
		6003F593195388D20070C39A /* Example for dash-schema-ios */ = {
			isa = PBXGroup;
			children = (
				6003F59C195388D20070C39A /* DSAppDelegate.h */,
				6003F59D195388D20070C39A /* DSAppDelegate.m */,
				873B8AEA1B1F5CCA007FD442 /* Main.storyboard */,
				6003F5A5195388D20070C39A /* DSViewController.h */,
				6003F5A6195388D20070C39A /* DSViewController.m */,
				71719F9D1E33DC2100824A3D /* LaunchScreen.storyboard */,
				6003F5A8195388D20070C39A /* Images.xcassets */,
				6003F594195388D20070C39A /* Supporting Files */,
			);
			name = "Example for dash-schema-ios";
			path = "dash-schema-ios";
			sourceTree = "<group>";
		};
		6003F594195388D20070C39A /* Supporting Files */ = {
			isa = PBXGroup;
			children = (
				6003F595195388D20070C39A /* dash-schema-ios-Info.plist */,
				6003F596195388D20070C39A /* InfoPlist.strings */,
				6003F599195388D20070C39A /* main.m */,
				6003F59B195388D20070C39A /* dash-schema-ios-Prefix.pch */,
			);
			name = "Supporting Files";
			sourceTree = "<group>";
		};
		6003F5B5195388D20070C39A /* Tests */ = {
			isa = PBXGroup;
			children = (
				2A03A8702142A14800788BE3 /* Resources */,
				6003F5B6195388D20070C39A /* Supporting Files */,
				2AE5E6692137FF4D007BFCB8 /* DSSchemaLoaderTests.m */,
				2A6AABFD21412BB600D1E018 /* DSSchemaStorageTests.m */,
				2A03A86D21428D6A00788BE3 /* DSSubTxTests.m */,
				2A73B3342146787500DF62A9 /* DSBaseTest.h */,
				2A73B3352146787500DF62A9 /* DSBaseTest.m */,
				2A6B3472214C478F00094AFD /* DSSTPacketTests.m */,
				2AD755BC21523B9D00D97E78 /* DSSchemaObjectTests.m */,
				2AD755BE21524B9400D97E78 /* DSJsonSchemaTests.m */,
				2AD755CD2152B9A800D97E78 /* DSSchemaFeesTests.m */,
				2AD755CF2152BE3000D97E78 /* DSDapContractTest.m */,
				2A8551AE21556043006054B2 /* DSDapSchemaTest.m */,
			);
			path = Tests;
			sourceTree = "<group>";
		};
		6003F5B6195388D20070C39A /* Supporting Files */ = {
			isa = PBXGroup;
			children = (
				6003F5B7195388D20070C39A /* Tests-Info.plist */,
				6003F5B8195388D20070C39A /* InfoPlist.strings */,
				606FC2411953D9B200FFA9A0 /* Tests-Prefix.pch */,
			);
			name = "Supporting Files";
			sourceTree = "<group>";
		};
		60FF7A9C1954A5C5007DD14C /* Podspec Metadata */ = {
			isa = PBXGroup;
			children = (
				7D5F298B1582BE566D3A8968 /* dash-schema-ios.podspec */,
				EB3686EC0490FF723B8690AE /* README.md */,
				0560A52C5E8585B8712893DC /* LICENSE */,
			);
			name = "Podspec Metadata";
			sourceTree = "<group>";
		};
		DD2C79FB6D23E8A5A31976BD /* Pods */ = {
			isa = PBXGroup;
			children = (
				ED1040A2951B17D29ADF7AA8 /* Pods-dash-schema-ios_Example.debug.xcconfig */,
				83F4BBE741E712AB3765A769 /* Pods-dash-schema-ios_Example.release.xcconfig */,
				9BF4A2972DF301AD87B65A80 /* Pods-dash-schema-ios_Tests.debug.xcconfig */,
				6690CCA6BCC5C266AB4615CB /* Pods-dash-schema-ios_Tests.release.xcconfig */,
			);
			name = Pods;
			sourceTree = "<group>";
		};
/* End PBXGroup section */

/* Begin PBXNativeTarget section */
		6003F589195388D20070C39A /* dash-schema-ios_Example */ = {
			isa = PBXNativeTarget;
			buildConfigurationList = 6003F5BF195388D20070C39A /* Build configuration list for PBXNativeTarget "dash-schema-ios_Example" */;
			buildPhases = (
				54FBC95E21C8A94FFBA271E8 /* [CP] Check Pods Manifest.lock */,
				6003F586195388D20070C39A /* Sources */,
				6003F587195388D20070C39A /* Frameworks */,
				6003F588195388D20070C39A /* Resources */,
				5C6B6D2167FA3B15B48318A3 /* [CP] Embed Pods Frameworks */,
			);
			buildRules = (
			);
			dependencies = (
			);
			name = "dash-schema-ios_Example";
			productName = "dash-schema-ios";
			productReference = 6003F58A195388D20070C39A /* dash-schema-ios_Example.app */;
			productType = "com.apple.product-type.application";
		};
		6003F5AD195388D20070C39A /* dash-schema-ios_Tests */ = {
			isa = PBXNativeTarget;
			buildConfigurationList = 6003F5C2195388D20070C39A /* Build configuration list for PBXNativeTarget "dash-schema-ios_Tests" */;
			buildPhases = (
				F74871D444BE0866ECD113FF /* [CP] Check Pods Manifest.lock */,
				6003F5AA195388D20070C39A /* Sources */,
				6003F5AB195388D20070C39A /* Frameworks */,
				6003F5AC195388D20070C39A /* Resources */,
			);
			buildRules = (
			);
			dependencies = (
				6003F5B4195388D20070C39A /* PBXTargetDependency */,
			);
			name = "dash-schema-ios_Tests";
			productName = "dash-schema-iosTests";
			productReference = 6003F5AE195388D20070C39A /* dash-schema-ios_Tests.xctest */;
			productType = "com.apple.product-type.bundle.unit-test";
		};
/* End PBXNativeTarget section */

/* Begin PBXProject section */
		6003F582195388D10070C39A /* Project object */ = {
			isa = PBXProject;
			attributes = {
				CLASSPREFIX = DS;
				LastUpgradeCheck = 0940;
				ORGANIZATIONNAME = "Dash Core Group";
				TargetAttributes = {
					6003F5AD195388D20070C39A = {
						TestTargetID = 6003F589195388D20070C39A;
					};
				};
			};
			buildConfigurationList = 6003F585195388D10070C39A /* Build configuration list for PBXProject "dash-schema-ios" */;
			compatibilityVersion = "Xcode 3.2";
			developmentRegion = English;
			hasScannedForEncodings = 0;
			knownRegions = (
				en,
				Base,
			);
			mainGroup = 6003F581195388D10070C39A;
			productRefGroup = 6003F58B195388D20070C39A /* Products */;
			projectDirPath = "";
			projectRoot = "";
			targets = (
				6003F589195388D20070C39A /* dash-schema-ios_Example */,
				6003F5AD195388D20070C39A /* dash-schema-ios_Tests */,
			);
		};
/* End PBXProject section */

/* Begin PBXResourcesBuildPhase section */
		6003F588195388D20070C39A /* Resources */ = {
			isa = PBXResourcesBuildPhase;
			buildActionMask = 2147483647;
			files = (
				873B8AEB1B1F5CCA007FD442 /* Main.storyboard in Resources */,
				71719F9F1E33DC2100824A3D /* LaunchScreen.storyboard in Resources */,
				6003F5A9195388D20070C39A /* Images.xcassets in Resources */,
				6003F598195388D20070C39A /* InfoPlist.strings in Resources */,
			);
			runOnlyForDeploymentPostprocessing = 0;
		};
		6003F5AC195388D20070C39A /* Resources */ = {
			isa = PBXResourcesBuildPhase;
			buildActionMask = 2147483647;
			files = (
				2AD755C621524D4D00D97E78 /* jsonschema-test-data.json in Resources */,
				2A73B377214BCDF900DF62A9 /* valid_subtx.json in Resources */,
				2A6B3477214C4D1800094AFD /* somedap.json in Resources */,
				2AD755C821524D4D00D97E78 /* simplified-system-schema.json in Resources */,
				2A6B3478214C4D1800094AFD /* stpacket-test-data.json in Resources */,
				2AD755D22152BE5300D97E78 /* dapcontract.json in Resources */,
				2A73B338214679FD00DF62A9 /* contactsdap-test-data.json in Resources */,
				6003F5BA195388D20070C39A /* InfoPlist.strings in Resources */,
				2AD755C721524D4D00D97E78 /* simplified-dap-schema.json in Resources */,
			);
			runOnlyForDeploymentPostprocessing = 0;
		};
/* End PBXResourcesBuildPhase section */

/* Begin PBXShellScriptBuildPhase section */
		54FBC95E21C8A94FFBA271E8 /* [CP] Check Pods Manifest.lock */ = {
			isa = PBXShellScriptBuildPhase;
			buildActionMask = 2147483647;
			files = (
			);
			inputPaths = (
				"${PODS_PODFILE_DIR_PATH}/Podfile.lock",
				"${PODS_ROOT}/Manifest.lock",
			);
			name = "[CP] Check Pods Manifest.lock";
			outputPaths = (
				"$(DERIVED_FILE_DIR)/Pods-dash-schema-ios_Example-checkManifestLockResult.txt",
			);
			runOnlyForDeploymentPostprocessing = 0;
			shellPath = /bin/sh;
			shellScript = "diff \"${PODS_PODFILE_DIR_PATH}/Podfile.lock\" \"${PODS_ROOT}/Manifest.lock\" > /dev/null\nif [ $? != 0 ] ; then\n    # print error to STDERR\n    echo \"error: The sandbox is not in sync with the Podfile.lock. Run 'pod install' or update your CocoaPods installation.\" >&2\n    exit 1\nfi\n# This output is used by Xcode 'outputs' to avoid re-running this script phase.\necho \"SUCCESS\" > \"${SCRIPT_OUTPUT_FILE_0}\"\n";
			showEnvVarsInLog = 0;
		};
		5C6B6D2167FA3B15B48318A3 /* [CP] Embed Pods Frameworks */ = {
			isa = PBXShellScriptBuildPhase;
			buildActionMask = 2147483647;
			files = (
			);
			inputPaths = (
				"${SRCROOT}/Pods/Target Support Files/Pods-dash-schema-ios_Example/Pods-dash-schema-ios_Example-frameworks.sh",
				"${BUILT_PRODUCTS_DIR}/DSJSONSchemaValidation/DSJSONSchemaValidation.framework",
				"${BUILT_PRODUCTS_DIR}/TinyCborObjc/TinyCborObjc.framework",
				"${BUILT_PRODUCTS_DIR}/dash-schema-ios/dash_schema_ios.framework",
				"${BUILT_PRODUCTS_DIR}/tinycbor/tinycbor.framework",
			);
			name = "[CP] Embed Pods Frameworks";
			outputPaths = (
				"${TARGET_BUILD_DIR}/${FRAMEWORKS_FOLDER_PATH}/DSJSONSchemaValidation.framework",
				"${TARGET_BUILD_DIR}/${FRAMEWORKS_FOLDER_PATH}/TinyCborObjc.framework",
				"${TARGET_BUILD_DIR}/${FRAMEWORKS_FOLDER_PATH}/dash_schema_ios.framework",
				"${TARGET_BUILD_DIR}/${FRAMEWORKS_FOLDER_PATH}/tinycbor.framework",
			);
			runOnlyForDeploymentPostprocessing = 0;
			shellPath = /bin/sh;
			shellScript = "\"${SRCROOT}/Pods/Target Support Files/Pods-dash-schema-ios_Example/Pods-dash-schema-ios_Example-frameworks.sh\"\n";
			showEnvVarsInLog = 0;
		};
		F74871D444BE0866ECD113FF /* [CP] Check Pods Manifest.lock */ = {
			isa = PBXShellScriptBuildPhase;
			buildActionMask = 2147483647;
			files = (
			);
			inputPaths = (
				"${PODS_PODFILE_DIR_PATH}/Podfile.lock",
				"${PODS_ROOT}/Manifest.lock",
			);
			name = "[CP] Check Pods Manifest.lock";
			outputPaths = (
				"$(DERIVED_FILE_DIR)/Pods-dash-schema-ios_Tests-checkManifestLockResult.txt",
			);
			runOnlyForDeploymentPostprocessing = 0;
			shellPath = /bin/sh;
			shellScript = "diff \"${PODS_PODFILE_DIR_PATH}/Podfile.lock\" \"${PODS_ROOT}/Manifest.lock\" > /dev/null\nif [ $? != 0 ] ; then\n    # print error to STDERR\n    echo \"error: The sandbox is not in sync with the Podfile.lock. Run 'pod install' or update your CocoaPods installation.\" >&2\n    exit 1\nfi\n# This output is used by Xcode 'outputs' to avoid re-running this script phase.\necho \"SUCCESS\" > \"${SCRIPT_OUTPUT_FILE_0}\"\n";
			showEnvVarsInLog = 0;
		};
/* End PBXShellScriptBuildPhase section */

/* Begin PBXSourcesBuildPhase section */
		6003F586195388D20070C39A /* Sources */ = {
			isa = PBXSourcesBuildPhase;
			buildActionMask = 2147483647;
			files = (
				6003F59E195388D20070C39A /* DSAppDelegate.m in Sources */,
				6003F5A7195388D20070C39A /* DSViewController.m in Sources */,
				6003F59A195388D20070C39A /* main.m in Sources */,
			);
			runOnlyForDeploymentPostprocessing = 0;
		};
		6003F5AA195388D20070C39A /* Sources */ = {
			isa = PBXSourcesBuildPhase;
			buildActionMask = 2147483647;
			files = (
				2AD755BD21523B9D00D97E78 /* DSSchemaObjectTests.m in Sources */,
				2AE5E66A2137FF4D007BFCB8 /* DSSchemaLoaderTests.m in Sources */,
				2A73B337214678B900DF62A9 /* DSBaseTest.m in Sources */,
				2AD755BF21524B9400D97E78 /* DSJsonSchemaTests.m in Sources */,
				2AD755CE2152B9A800D97E78 /* DSSchemaFeesTests.m in Sources */,
				2AD755D02152BE3000D97E78 /* DSDapContractTest.m in Sources */,
				2A6B3474214C47E600094AFD /* DSSTPacketTests.m in Sources */,
				2A03A86E21428D6B00788BE3 /* DSSubTxTests.m in Sources */,
				2A6AABFE21412BB600D1E018 /* DSSchemaStorageTests.m in Sources */,
				2A8551AF21556043006054B2 /* DSDapSchemaTest.m in Sources */,
			);
			runOnlyForDeploymentPostprocessing = 0;
		};
/* End PBXSourcesBuildPhase section */

/* Begin PBXTargetDependency section */
		6003F5B4195388D20070C39A /* PBXTargetDependency */ = {
			isa = PBXTargetDependency;
			target = 6003F589195388D20070C39A /* dash-schema-ios_Example */;
			targetProxy = 6003F5B3195388D20070C39A /* PBXContainerItemProxy */;
		};
/* End PBXTargetDependency section */

/* Begin PBXVariantGroup section */
		6003F596195388D20070C39A /* InfoPlist.strings */ = {
			isa = PBXVariantGroup;
			children = (
				6003F597195388D20070C39A /* en */,
			);
			name = InfoPlist.strings;
			sourceTree = "<group>";
		};
		6003F5B8195388D20070C39A /* InfoPlist.strings */ = {
			isa = PBXVariantGroup;
			children = (
				6003F5B9195388D20070C39A /* en */,
			);
			name = InfoPlist.strings;
			sourceTree = "<group>";
		};
		71719F9D1E33DC2100824A3D /* LaunchScreen.storyboard */ = {
			isa = PBXVariantGroup;
			children = (
				71719F9E1E33DC2100824A3D /* Base */,
			);
			name = LaunchScreen.storyboard;
			sourceTree = "<group>";
		};
/* End PBXVariantGroup section */

/* Begin XCBuildConfiguration section */
		6003F5BD195388D20070C39A /* Debug */ = {
			isa = XCBuildConfiguration;
			buildSettings = {
				ALWAYS_SEARCH_USER_PATHS = NO;
				CLANG_CXX_LANGUAGE_STANDARD = "gnu++0x";
				CLANG_CXX_LIBRARY = "libc++";
				CLANG_ENABLE_MODULES = YES;
				CLANG_ENABLE_OBJC_ARC = YES;
				CLANG_WARN_BLOCK_CAPTURE_AUTORELEASING = YES;
				CLANG_WARN_BOOL_CONVERSION = YES;
				CLANG_WARN_COMMA = YES;
				CLANG_WARN_CONSTANT_CONVERSION = YES;
				CLANG_WARN_DEPRECATED_OBJC_IMPLEMENTATIONS = YES;
				CLANG_WARN_DIRECT_OBJC_ISA_USAGE = YES_ERROR;
				CLANG_WARN_EMPTY_BODY = YES;
				CLANG_WARN_ENUM_CONVERSION = YES;
				CLANG_WARN_INFINITE_RECURSION = YES;
				CLANG_WARN_INT_CONVERSION = YES;
				CLANG_WARN_NON_LITERAL_NULL_CONVERSION = YES;
				CLANG_WARN_OBJC_IMPLICIT_RETAIN_SELF = YES;
				CLANG_WARN_OBJC_LITERAL_CONVERSION = YES;
				CLANG_WARN_OBJC_ROOT_CLASS = YES_ERROR;
				CLANG_WARN_RANGE_LOOP_ANALYSIS = YES;
				CLANG_WARN_STRICT_PROTOTYPES = YES;
				CLANG_WARN_SUSPICIOUS_MOVE = YES;
				CLANG_WARN_UNREACHABLE_CODE = YES;
				CLANG_WARN__DUPLICATE_METHOD_MATCH = YES;
				"CODE_SIGN_IDENTITY[sdk=iphoneos*]" = "iPhone Developer";
				COPY_PHASE_STRIP = NO;
				ENABLE_STRICT_OBJC_MSGSEND = YES;
				ENABLE_TESTABILITY = YES;
				GCC_C_LANGUAGE_STANDARD = gnu99;
				GCC_DYNAMIC_NO_PIC = NO;
				GCC_NO_COMMON_BLOCKS = YES;
				GCC_OPTIMIZATION_LEVEL = 0;
				GCC_PREPROCESSOR_DEFINITIONS = (
					"DEBUG=1",
					"$(inherited)",
				);
				GCC_SYMBOLS_PRIVATE_EXTERN = NO;
				GCC_WARN_64_TO_32_BIT_CONVERSION = YES;
				GCC_WARN_ABOUT_RETURN_TYPE = YES_ERROR;
				GCC_WARN_UNDECLARED_SELECTOR = YES;
				GCC_WARN_UNINITIALIZED_AUTOS = YES_AGGRESSIVE;
				GCC_WARN_UNUSED_FUNCTION = YES;
				GCC_WARN_UNUSED_VARIABLE = YES;
				IPHONEOS_DEPLOYMENT_TARGET = 10.0;
				ONLY_ACTIVE_ARCH = YES;
				SDKROOT = iphoneos;
				TARGETED_DEVICE_FAMILY = "1,2";
			};
			name = Debug;
		};
		6003F5BE195388D20070C39A /* Release */ = {
			isa = XCBuildConfiguration;
			buildSettings = {
				ALWAYS_SEARCH_USER_PATHS = NO;
				CLANG_CXX_LANGUAGE_STANDARD = "gnu++0x";
				CLANG_CXX_LIBRARY = "libc++";
				CLANG_ENABLE_MODULES = YES;
				CLANG_ENABLE_OBJC_ARC = YES;
				CLANG_WARN_BLOCK_CAPTURE_AUTORELEASING = YES;
				CLANG_WARN_BOOL_CONVERSION = YES;
				CLANG_WARN_COMMA = YES;
				CLANG_WARN_CONSTANT_CONVERSION = YES;
				CLANG_WARN_DEPRECATED_OBJC_IMPLEMENTATIONS = YES;
				CLANG_WARN_DIRECT_OBJC_ISA_USAGE = YES_ERROR;
				CLANG_WARN_EMPTY_BODY = YES;
				CLANG_WARN_ENUM_CONVERSION = YES;
				CLANG_WARN_INFINITE_RECURSION = YES;
				CLANG_WARN_INT_CONVERSION = YES;
				CLANG_WARN_NON_LITERAL_NULL_CONVERSION = YES;
				CLANG_WARN_OBJC_IMPLICIT_RETAIN_SELF = YES;
				CLANG_WARN_OBJC_LITERAL_CONVERSION = YES;
				CLANG_WARN_OBJC_ROOT_CLASS = YES_ERROR;
				CLANG_WARN_RANGE_LOOP_ANALYSIS = YES;
				CLANG_WARN_STRICT_PROTOTYPES = YES;
				CLANG_WARN_SUSPICIOUS_MOVE = YES;
				CLANG_WARN_UNREACHABLE_CODE = YES;
				CLANG_WARN__DUPLICATE_METHOD_MATCH = YES;
				"CODE_SIGN_IDENTITY[sdk=iphoneos*]" = "iPhone Developer";
				COPY_PHASE_STRIP = YES;
				ENABLE_NS_ASSERTIONS = NO;
				ENABLE_STRICT_OBJC_MSGSEND = YES;
				GCC_C_LANGUAGE_STANDARD = gnu99;
				GCC_NO_COMMON_BLOCKS = YES;
				GCC_WARN_64_TO_32_BIT_CONVERSION = YES;
				GCC_WARN_ABOUT_RETURN_TYPE = YES_ERROR;
				GCC_WARN_UNDECLARED_SELECTOR = YES;
				GCC_WARN_UNINITIALIZED_AUTOS = YES_AGGRESSIVE;
				GCC_WARN_UNUSED_FUNCTION = YES;
				GCC_WARN_UNUSED_VARIABLE = YES;
				IPHONEOS_DEPLOYMENT_TARGET = 10.0;
				SDKROOT = iphoneos;
				TARGETED_DEVICE_FAMILY = "1,2";
				VALIDATE_PRODUCT = YES;
			};
			name = Release;
		};
		6003F5C0195388D20070C39A /* Debug */ = {
			isa = XCBuildConfiguration;
			baseConfigurationReference = ED1040A2951B17D29ADF7AA8 /* Pods-dash-schema-ios_Example.debug.xcconfig */;
			buildSettings = {
				ASSETCATALOG_COMPILER_APPICON_NAME = AppIcon;
				GCC_PRECOMPILE_PREFIX_HEADER = YES;
				GCC_PREFIX_HEADER = "dash-schema-ios/dash-schema-ios-Prefix.pch";
				INFOPLIST_FILE = "dash-schema-ios/dash-schema-ios-Info.plist";
				MODULE_NAME = ExampleApp;
				PRODUCT_BUNDLE_IDENTIFIER = "org.cocoapods.demo.${PRODUCT_NAME:rfc1034identifier}";
				PRODUCT_NAME = "$(TARGET_NAME)";
				WRAPPER_EXTENSION = app;
			};
			name = Debug;
		};
		6003F5C1195388D20070C39A /* Release */ = {
			isa = XCBuildConfiguration;
			baseConfigurationReference = 83F4BBE741E712AB3765A769 /* Pods-dash-schema-ios_Example.release.xcconfig */;
			buildSettings = {
				ASSETCATALOG_COMPILER_APPICON_NAME = AppIcon;
				GCC_PRECOMPILE_PREFIX_HEADER = YES;
				GCC_PREFIX_HEADER = "dash-schema-ios/dash-schema-ios-Prefix.pch";
				INFOPLIST_FILE = "dash-schema-ios/dash-schema-ios-Info.plist";
				MODULE_NAME = ExampleApp;
				PRODUCT_BUNDLE_IDENTIFIER = "org.cocoapods.demo.${PRODUCT_NAME:rfc1034identifier}";
				PRODUCT_NAME = "$(TARGET_NAME)";
				WRAPPER_EXTENSION = app;
			};
			name = Release;
		};
		6003F5C3195388D20070C39A /* Debug */ = {
			isa = XCBuildConfiguration;
			baseConfigurationReference = 9BF4A2972DF301AD87B65A80 /* Pods-dash-schema-ios_Tests.debug.xcconfig */;
			buildSettings = {
				BUNDLE_LOADER = "$(TEST_HOST)";
				FRAMEWORK_SEARCH_PATHS = (
					"$(SDKROOT)/Developer/Library/Frameworks",
					"$(inherited)",
					"$(DEVELOPER_FRAMEWORKS_DIR)",
				);
				GCC_PRECOMPILE_PREFIX_HEADER = YES;
				GCC_PREFIX_HEADER = "Tests/Tests-Prefix.pch";
				GCC_PREPROCESSOR_DEFINITIONS = (
					"DEBUG=1",
					"$(inherited)",
				);
				INFOPLIST_FILE = "Tests/Tests-Info.plist";
				PRODUCT_BUNDLE_IDENTIFIER = "org.cocoapods.demo.${PRODUCT_NAME:rfc1034identifier}";
				PRODUCT_NAME = "$(TARGET_NAME)";
				TEST_HOST = "$(BUILT_PRODUCTS_DIR)/dash-schema-ios_Example.app/dash-schema-ios_Example";
				WRAPPER_EXTENSION = xctest;
			};
			name = Debug;
		};
		6003F5C4195388D20070C39A /* Release */ = {
			isa = XCBuildConfiguration;
			baseConfigurationReference = 6690CCA6BCC5C266AB4615CB /* Pods-dash-schema-ios_Tests.release.xcconfig */;
			buildSettings = {
				BUNDLE_LOADER = "$(TEST_HOST)";
				FRAMEWORK_SEARCH_PATHS = (
					"$(SDKROOT)/Developer/Library/Frameworks",
					"$(inherited)",
					"$(DEVELOPER_FRAMEWORKS_DIR)",
				);
				GCC_PRECOMPILE_PREFIX_HEADER = YES;
				GCC_PREFIX_HEADER = "Tests/Tests-Prefix.pch";
				INFOPLIST_FILE = "Tests/Tests-Info.plist";
				PRODUCT_BUNDLE_IDENTIFIER = "org.cocoapods.demo.${PRODUCT_NAME:rfc1034identifier}";
				PRODUCT_NAME = "$(TARGET_NAME)";
				TEST_HOST = "$(BUILT_PRODUCTS_DIR)/dash-schema-ios_Example.app/dash-schema-ios_Example";
				WRAPPER_EXTENSION = xctest;
			};
			name = Release;
		};
/* End XCBuildConfiguration section */

/* Begin XCConfigurationList section */
		6003F585195388D10070C39A /* Build configuration list for PBXProject "dash-schema-ios" */ = {
			isa = XCConfigurationList;
			buildConfigurations = (
				6003F5BD195388D20070C39A /* Debug */,
				6003F5BE195388D20070C39A /* Release */,
			);
			defaultConfigurationIsVisible = 0;
			defaultConfigurationName = Release;
		};
		6003F5BF195388D20070C39A /* Build configuration list for PBXNativeTarget "dash-schema-ios_Example" */ = {
			isa = XCConfigurationList;
			buildConfigurations = (
				6003F5C0195388D20070C39A /* Debug */,
				6003F5C1195388D20070C39A /* Release */,
			);
			defaultConfigurationIsVisible = 0;
			defaultConfigurationName = Release;
		};
		6003F5C2195388D20070C39A /* Build configuration list for PBXNativeTarget "dash-schema-ios_Tests" */ = {
			isa = XCConfigurationList;
			buildConfigurations = (
				6003F5C3195388D20070C39A /* Debug */,
				6003F5C4195388D20070C39A /* Release */,
			);
			defaultConfigurationIsVisible = 0;
			defaultConfigurationName = Release;
		};
/* End XCConfigurationList section */
	};
	rootObject = 6003F582195388D10070C39A /* Project object */;
}
